
Microsoft Visual Studio Solution File, Format Version 12.00
# Visual Studio Version 16
VisualStudioVersion = 16.0.33328.57
MinimumVisualStudioVersion = 10.0.40219.1
Project("{FAE04EC0-301F-11D3-BF4B-00C04F79EFBC}") = "WebApp_Cinepolis", "WebApp_Cinepolis\WebApp_Cinepolis.csproj", "{25D94AAB-3A1E-491A-9A55-6855C6057240}"
EndProject
Project("{FAE04EC0-301F-11D3-BF4B-00C04F79EFBC}") = "WebApp_Cinepolis.Tests", "WebApp_Cinepolis.Tests\WebApp_Cinepolis.Tests.csproj", "{DBBC2003-8663-4317-BF37-4698C8425074}"
EndProject
Global
	GlobalSection(SolutionConfigurationPlatforms) = preSolution
		Debug|Any CPU = Debug|Any CPU
		Release|Any CPU = Release|Any CPU
	EndGlobalSection
	GlobalSection(ProjectConfigurationPlatforms) = postSolution
		{25D94AAB-3A1E-491A-9A55-6855C6057240}.Debug|Any CPU.ActiveCfg = Debug|Any CPU
		{25D94AAB-3A1E-491A-9A55-6855C6057240}.Debug|Any CPU.Build.0 = Debug|Any CPU
		{25D94AAB-3A1E-491A-9A55-6855C6057240}.Release|Any CPU.ActiveCfg = Release|Any CPU
		{25D94AAB-3A1E-491A-9A55-6855C6057240}.Release|Any CPU.Build.0 = Release|Any CPU
		{DBBC2003-8663-4317-BF37-4698C8425074}.Debug|Any CPU.ActiveCfg = Debug|Any CPU
		{DBBC2003-8663-4317-BF37-4698C8425074}.Debug|Any CPU.Build.0 = Debug|Any CPU
		{DBBC2003-8663-4317-BF37-4698C8425074}.Release|Any CPU.ActiveCfg = Release|Any CPU
		{DBBC2003-8663-4317-BF37-4698C8425074}.Release|Any CPU.Build.0 = Release|Any CPU
	EndGlobalSection
	GlobalSection(SolutionProperties) = preSolution
		HideSolutionNode = FALSE
	EndGlobalSection
	GlobalSection(ExtensibilityGlobals) = postSolution
		SolutionGuid = {269F6E44-6CCF-4460-9629-3A23970D9894}
	EndGlobalSection
EndGlobal
